
Microsoft Visual Studio Solution File, Format Version 12.00
# Visual Studio Version 16
VisualStudioVersion = 16.0.29020.237
MinimumVisualStudioVersion = 10.0.40219.1
Project("{9A19103F-16F7-4668-BE54-9A1E7A4F7556}") = "GrinWebApi", "GrinWebApi\GrinWebApi.csproj", "{A61BBEA6-EE94-4E47-95BC-78DD9119847C}"
EndProject
Project("{FAE04EC0-301F-11D3-BF4B-00C04F79EFBC}") = "MvcWebApp", "MvcWebApp\MvcWebApp.csproj", "{F176E6F5-F01F-44AC-BCED-2C1EE04A90D4}"
EndProject
Project("{FAE04EC0-301F-11D3-BF4B-00C04F79EFBC}") = "ApiWebApp", "ApiWebApp\ApiWebApp.csproj", "{79D13C3B-BB6A-43DF-A305-E591CCF642F3}"
EndProject
Global
	GlobalSection(SolutionConfigurationPlatforms) = preSolution
		Debug|Any CPU = Debug|Any CPU
		Release|Any CPU = Release|Any CPU
	EndGlobalSection
	GlobalSection(ProjectConfigurationPlatforms) = postSolution
		{A61BBEA6-EE94-4E47-95BC-78DD9119847C}.Debug|Any CPU.ActiveCfg = Debug|Any CPU
		{A61BBEA6-EE94-4E47-95BC-78DD9119847C}.Debug|Any CPU.Build.0 = Debug|Any CPU
		{A61BBEA6-EE94-4E47-95BC-78DD9119847C}.Release|Any CPU.ActiveCfg = Release|Any CPU
		{A61BBEA6-EE94-4E47-95BC-78DD9119847C}.Release|Any CPU.Build.0 = Release|Any CPU
		{F176E6F5-F01F-44AC-BCED-2C1EE04A90D4}.Debug|Any CPU.ActiveCfg = Debug|Any CPU
		{F176E6F5-F01F-44AC-BCED-2C1EE04A90D4}.Debug|Any CPU.Build.0 = Debug|Any CPU
		{F176E6F5-F01F-44AC-BCED-2C1EE04A90D4}.Release|Any CPU.ActiveCfg = Release|Any CPU
		{F176E6F5-F01F-44AC-BCED-2C1EE04A90D4}.Release|Any CPU.Build.0 = Release|Any CPU
		{79D13C3B-BB6A-43DF-A305-E591CCF642F3}.Debug|Any CPU.ActiveCfg = Debug|Any CPU
		{79D13C3B-BB6A-43DF-A305-E591CCF642F3}.Debug|Any CPU.Build.0 = Debug|Any CPU
		{79D13C3B-BB6A-43DF-A305-E591CCF642F3}.Release|Any CPU.ActiveCfg = Release|Any CPU
		{79D13C3B-BB6A-43DF-A305-E591CCF642F3}.Release|Any CPU.Build.0 = Release|Any CPU
	EndGlobalSection
	GlobalSection(SolutionProperties) = preSolution
		HideSolutionNode = FALSE
	EndGlobalSection
	GlobalSection(ExtensibilityGlobals) = postSolution
		SolutionGuid = {3547B5FB-B5C5-48F9-AC17-99F53FDB7F46}
	EndGlobalSection
EndGlobal
